
Microsoft Visual Studio Solution File, Format Version 12.00
# Visual Studio 15
VisualStudioVersion = 15.0.27428.2015
MinimumVisualStudioVersion = 10.0.40219.1
Project("{888888A0-9F3D-457C-B088-3A5042F75D52}") = "ThesisImplementationObjectTracking", "ThesisImplementationObjectTracking\ThesisImplementationObjectTracking.pyproj", "{1F7EDB5C-A6EE-4A84-A954-03BCB22E1BE1}"
EndProject
Global
	GlobalSection(SolutionConfigurationPlatforms) = preSolution
		Debug|Any CPU = Debug|Any CPU
		Release|Any CPU = Release|Any CPU
	EndGlobalSection
	GlobalSection(ProjectConfigurationPlatforms) = postSolution
		{1F7EDB5C-A6EE-4A84-A954-03BCB22E1BE1}.Debug|Any CPU.ActiveCfg = Debug|Any CPU
		{1F7EDB5C-A6EE-4A84-A954-03BCB22E1BE1}.Release|Any CPU.ActiveCfg = Release|Any CPU
	EndGlobalSection
	GlobalSection(SolutionProperties) = preSolution
		HideSolutionNode = FALSE
	EndGlobalSection
	GlobalSection(ExtensibilityGlobals) = postSolution
		SolutionGuid = {5E446E56-E6E9-4169-BD1C-D82025E9A307}
	EndGlobalSection
EndGlobal
